
Microsoft Visual Studio Solution File, Format Version 12.00
# Visual Studio Version 16
VisualStudioVersion = 16.0.30907.101
MinimumVisualStudioVersion = 10.0.40219.1
Project("{FAE04EC0-301F-11D3-BF4B-00C04F79EFBC}") = "HelloWorld", "HelloWorld\HelloWorld.csproj", "{69DDF558-1B7D-48A6-A8D5-08D41AACD733}"
EndProject
Global
	GlobalSection(SolutionConfigurationPlatforms) = preSolution
		Debug|Any CPU = Debug|Any CPU
		Release|Any CPU = Release|Any CPU
	EndGlobalSection
	GlobalSection(ProjectConfigurationPlatforms) = postSolution
		{69DDF558-1B7D-48A6-A8D5-08D41AACD733}.Debug|Any CPU.ActiveCfg = Debug|Any CPU
		{69DDF558-1B7D-48A6-A8D5-08D41AACD733}.Debug|Any CPU.Build.0 = Debug|Any CPU
		{69DDF558-1B7D-48A6-A8D5-08D41AACD733}.Release|Any CPU.ActiveCfg = Release|Any CPU
		{69DDF558-1B7D-48A6-A8D5-08D41AACD733}.Release|Any CPU.Build.0 = Release|Any CPU
	EndGlobalSection
	GlobalSection(SolutionProperties) = preSolution
		HideSolutionNode = FALSE
	EndGlobalSection
	GlobalSection(ExtensibilityGlobals) = postSolution
		SolutionGuid = {15932459-A980-403C-B639-608605551B74}
	EndGlobalSection
EndGlobal
